
Microsoft Visual Studio Solution File, Format Version 11.00
# Visual Studio 2010
Project("{FAE04EC0-301F-11D3-BF4B-00C04F79EFBC}") = "Exercise-5", "Assembly-CSharp.csproj", "{7F888446-EAD5-EF13-7D70-97AA9A14B602}"
EndProject
Project("{FAE04EC0-301F-11D3-BF4B-00C04F79EFBC}") = "Exercise-5", "Assembly-CSharp-Editor-firstpass.csproj", "{EE626A96-2AA8-B220-D488-0B0A6B87D748}"
EndProject
Global
	GlobalSection(SolutionConfigurationPlatforms) = preSolution
		Debug|Any CPU = Debug|Any CPU
		Release|Any CPU = Release|Any CPU
	EndGlobalSection
	GlobalSection(ProjectConfigurationPlatforms) = postSolution
		{7F888446-EAD5-EF13-7D70-97AA9A14B602}.Debug|Any CPU.ActiveCfg = Debug|Any CPU
		{7F888446-EAD5-EF13-7D70-97AA9A14B602}.Debug|Any CPU.Build.0 = Debug|Any CPU
		{7F888446-EAD5-EF13-7D70-97AA9A14B602}.Release|Any CPU.ActiveCfg = Release|Any CPU
		{7F888446-EAD5-EF13-7D70-97AA9A14B602}.Release|Any CPU.Build.0 = Release|Any CPU
		{EE626A96-2AA8-B220-D488-0B0A6B87D748}.Debug|Any CPU.ActiveCfg = Debug|Any CPU
		{EE626A96-2AA8-B220-D488-0B0A6B87D748}.Debug|Any CPU.Build.0 = Debug|Any CPU
		{EE626A96-2AA8-B220-D488-0B0A6B87D748}.Release|Any CPU.ActiveCfg = Release|Any CPU
		{EE626A96-2AA8-B220-D488-0B0A6B87D748}.Release|Any CPU.Build.0 = Release|Any CPU
	EndGlobalSection
	GlobalSection(SolutionProperties) = preSolution
		HideSolutionNode = FALSE
	EndGlobalSection
	GlobalSection(MonoDevelopProperties) = preSolution
		StartupItem = Assembly-CSharp.csproj
	EndGlobalSection
EndGlobal
